
Microsoft Visual Studio Solution File, Format Version 12.00
# Visual Studio Version 16
VisualStudioVersion = 16.0.32002.261
MinimumVisualStudioVersion = 10.0.40219.1
Project("{FAE04EC0-301F-11D3-BF4B-00C04F79EFBC}") = "Xadrez", "Xadrez\Xadrez.csproj", "{F75F2343-87F5-4F7D-9CDC-02F530CE91A4}"
EndProject
Global
	GlobalSection(SolutionConfigurationPlatforms) = preSolution
		Debug|Any CPU = Debug|Any CPU
		Release|Any CPU = Release|Any CPU
	EndGlobalSection
	GlobalSection(ProjectConfigurationPlatforms) = postSolution
		{F75F2343-87F5-4F7D-9CDC-02F530CE91A4}.Debug|Any CPU.ActiveCfg = Debug|Any CPU
		{F75F2343-87F5-4F7D-9CDC-02F530CE91A4}.Debug|Any CPU.Build.0 = Debug|Any CPU
		{F75F2343-87F5-4F7D-9CDC-02F530CE91A4}.Release|Any CPU.ActiveCfg = Release|Any CPU
		{F75F2343-87F5-4F7D-9CDC-02F530CE91A4}.Release|Any CPU.Build.0 = Release|Any CPU
	EndGlobalSection
	GlobalSection(SolutionProperties) = preSolution
		HideSolutionNode = FALSE
	EndGlobalSection
	GlobalSection(ExtensibilityGlobals) = postSolution
		SolutionGuid = {DCD36002-FD6B-444E-B754-4D180644A5E7}
	EndGlobalSection
EndGlobal
